
Microsoft Visual Studio Solution File, Format Version 11.00
# Visual Studio 2010
Project("{9A19103F-16F7-4668-BE54-9A1E7A4F7556}") = "ZusiPicLib", "ZusiPicLib.csproj", "{BC1AD287-B8C7-472C-BC4E-E5760EF148EC}"
EndProject
Global
	GlobalSection(SolutionConfigurationPlatforms) = preSolution
		Debug|Any CPU = Debug|Any CPU
		Release|Any CPU = Release|Any CPU
	EndGlobalSection
	GlobalSection(ProjectConfigurationPlatforms) = postSolution
		{BC1AD287-B8C7-472C-BC4E-E5760EF148EC}.Debug|Any CPU.ActiveCfg = Debug|Any CPU
		{BC1AD287-B8C7-472C-BC4E-E5760EF148EC}.Debug|Any CPU.Build.0 = Debug|Any CPU
		{BC1AD287-B8C7-472C-BC4E-E5760EF148EC}.Release|Any CPU.ActiveCfg = Release|Any CPU
		{BC1AD287-B8C7-472C-BC4E-E5760EF148EC}.Release|Any CPU.Build.0 = Release|Any CPU
	EndGlobalSection
	GlobalSection(SolutionProperties) = preSolution
		HideSolutionNode = FALSE
	EndGlobalSection
EndGlobal
